
Microsoft Visual Studio Solution File, Format Version 12.00
# Visual Studio Version 16
VisualStudioVersion = 16.0.31911.196
MinimumVisualStudioVersion = 10.0.40219.1
Project("{FAE04EC0-301F-11D3-BF4B-00C04F79EFBC}") = "AppTiendita.Android", "AppTiendita.Android\AppTiendita.Android.csproj", "{9E6FF088-8C02-4137-AFFE-C314752CEDAE}"
EndProject
Project("{FAE04EC0-301F-11D3-BF4B-00C04F79EFBC}") = "AppTiendita.iOS", "AppTiendita.iOS\AppTiendita.iOS.csproj", "{71334229-C1C7-4101-8572-BC54490945C4}"
EndProject
Project("{FAE04EC0-301F-11D3-BF4B-00C04F79EFBC}") = "AppTiendita", "AppTiendita\AppTiendita.csproj", "{6E5DDA5B-89FB-4C23-A483-334E8A12FCED}"
EndProject
Global
	GlobalSection(SolutionConfigurationPlatforms) = preSolution
		Debug|Any CPU = Debug|Any CPU
		Debug|iPhone = Debug|iPhone
		Debug|iPhoneSimulator = Debug|iPhoneSimulator
		Release|Any CPU = Release|Any CPU
		Release|iPhone = Release|iPhone
		Release|iPhoneSimulator = Release|iPhoneSimulator
	EndGlobalSection
	GlobalSection(ProjectConfigurationPlatforms) = postSolution
		{9E6FF088-8C02-4137-AFFE-C314752CEDAE}.Debug|Any CPU.ActiveCfg = Debug|Any CPU
		{9E6FF088-8C02-4137-AFFE-C314752CEDAE}.Debug|Any CPU.Build.0 = Debug|Any CPU
		{9E6FF088-8C02-4137-AFFE-C314752CEDAE}.Debug|Any CPU.Deploy.0 = Debug|Any CPU
		{9E6FF088-8C02-4137-AFFE-C314752CEDAE}.Debug|iPhone.ActiveCfg = Debug|Any CPU
		{9E6FF088-8C02-4137-AFFE-C314752CEDAE}.Debug|iPhone.Build.0 = Debug|Any CPU
		{9E6FF088-8C02-4137-AFFE-C314752CEDAE}.Debug|iPhone.Deploy.0 = Debug|Any CPU
		{9E6FF088-8C02-4137-AFFE-C314752CEDAE}.Debug|iPhoneSimulator.ActiveCfg = Debug|Any CPU
		{9E6FF088-8C02-4137-AFFE-C314752CEDAE}.Debug|iPhoneSimulator.Build.0 = Debug|Any CPU
		{9E6FF088-8C02-4137-AFFE-C314752CEDAE}.Debug|iPhoneSimulator.Deploy.0 = Debug|Any CPU
		{9E6FF088-8C02-4137-AFFE-C314752CEDAE}.Release|Any CPU.ActiveCfg = Release|Any CPU
		{9E6FF088-8C02-4137-AFFE-C314752CEDAE}.Release|Any CPU.Build.0 = Release|Any CPU
		{9E6FF088-8C02-4137-AFFE-C314752CEDAE}.Release|Any CPU.Deploy.0 = Release|Any CPU
		{9E6FF088-8C02-4137-AFFE-C314752CEDAE}.Release|iPhone.ActiveCfg = Release|Any CPU
		{9E6FF088-8C02-4137-AFFE-C314752CEDAE}.Release|iPhone.Build.0 = Release|Any CPU
		{9E6FF088-8C02-4137-AFFE-C314752CEDAE}.Release|iPhone.Deploy.0 = Release|Any CPU
		{9E6FF088-8C02-4137-AFFE-C314752CEDAE}.Release|iPhoneSimulator.ActiveCfg = Release|Any CPU
		{9E6FF088-8C02-4137-AFFE-C314752CEDAE}.Release|iPhoneSimulator.Build.0 = Release|Any CPU
		{9E6FF088-8C02-4137-AFFE-C314752CEDAE}.Release|iPhoneSimulator.Deploy.0 = Release|Any CPU
		{71334229-C1C7-4101-8572-BC54490945C4}.Debug|Any CPU.ActiveCfg = Debug|iPhone
		{71334229-C1C7-4101-8572-BC54490945C4}.Debug|Any CPU.Build.0 = Debug|iPhone
		{71334229-C1C7-4101-8572-BC54490945C4}.Debug|Any CPU.Deploy.0 = Debug|iPhone
		{71334229-C1C7-4101-8572-BC54490945C4}.Debug|iPhone.ActiveCfg = Debug|iPhone
		{71334229-C1C7-4101-8572-BC54490945C4}.Debug|iPhone.Build.0 = Debug|iPhone
		{71334229-C1C7-4101-8572-BC54490945C4}.Debug|iPhone.Deploy.0 = Debug|iPhone
		{71334229-C1C7-4101-8572-BC54490945C4}.Debug|iPhoneSimulator.ActiveCfg = Debug|iPhoneSimulator
		{71334229-C1C7-4101-8572-BC54490945C4}.Debug|iPhoneSimulator.Build.0 = Debug|iPhoneSimulator
		{71334229-C1C7-4101-8572-BC54490945C4}.Debug|iPhoneSimulator.Deploy.0 = Debug|iPhoneSimulator
		{71334229-C1C7-4101-8572-BC54490945C4}.Release|Any CPU.ActiveCfg = Release|iPhoneSimulator
		{71334229-C1C7-4101-8572-BC54490945C4}.Release|Any CPU.Build.0 = Release|iPhoneSimulator
		{71334229-C1C7-4101-8572-BC54490945C4}.Release|Any CPU.Deploy.0 = Release|iPhoneSimulator
		{71334229-C1C7-4101-8572-BC54490945C4}.Release|iPhone.ActiveCfg = Release|iPhone
		{71334229-C1C7-4101-8572-BC54490945C4}.Release|iPhone.Build.0 = Release|iPhone
		{71334229-C1C7-4101-8572-BC54490945C4}.Release|iPhone.Deploy.0 = Release|iPhone
		{71334229-C1C7-4101-8572-BC54490945C4}.Release|iPhoneSimulator.ActiveCfg = Release|iPhoneSimulator
		{71334229-C1C7-4101-8572-BC54490945C4}.Release|iPhoneSimulator.Build.0 = Release|iPhoneSimulator
		{71334229-C1C7-4101-8572-BC54490945C4}.Release|iPhoneSimulator.Deploy.0 = Release|iPhoneSimulator
		{6E5DDA5B-89FB-4C23-A483-334E8A12FCED}.Debug|Any CPU.ActiveCfg = Debug|Any CPU
		{6E5DDA5B-89FB-4C23-A483-334E8A12FCED}.Debug|Any CPU.Build.0 = Debug|Any CPU
		{6E5DDA5B-89FB-4C23-A483-334E8A12FCED}.Debug|Any CPU.Deploy.0 = Debug|Any CPU
		{6E5DDA5B-89FB-4C23-A483-334E8A12FCED}.Debug|iPhone.ActiveCfg = Debug|Any CPU
		{6E5DDA5B-89FB-4C23-A483-334E8A12FCED}.Debug|iPhone.Build.0 = Debug|Any CPU
		{6E5DDA5B-89FB-4C23-A483-334E8A12FCED}.Debug|iPhone.Deploy.0 = Debug|Any CPU
		{6E5DDA5B-89FB-4C23-A483-334E8A12FCED}.Debug|iPhoneSimulator.ActiveCfg = Debug|Any CPU
		{6E5DDA5B-89FB-4C23-A483-334E8A12FCED}.Debug|iPhoneSimulator.Build.0 = Debug|Any CPU
		{6E5DDA5B-89FB-4C23-A483-334E8A12FCED}.Debug|iPhoneSimulator.Deploy.0 = Debug|Any CPU
		{6E5DDA5B-89FB-4C23-A483-334E8A12FCED}.Release|Any CPU.ActiveCfg = Release|Any CPU
		{6E5DDA5B-89FB-4C23-A483-334E8A12FCED}.Release|Any CPU.Build.0 = Release|Any CPU
		{6E5DDA5B-89FB-4C23-A483-334E8A12FCED}.Release|Any CPU.Deploy.0 = Release|Any CPU
		{6E5DDA5B-89FB-4C23-A483-334E8A12FCED}.Release|iPhone.ActiveCfg = Release|Any CPU
		{6E5DDA5B-89FB-4C23-A483-334E8A12FCED}.Release|iPhone.Build.0 = Release|Any CPU
		{6E5DDA5B-89FB-4C23-A483-334E8A12FCED}.Release|iPhone.Deploy.0 = Release|Any CPU
		{6E5DDA5B-89FB-4C23-A483-334E8A12FCED}.Release|iPhoneSimulator.ActiveCfg = Release|Any CPU
		{6E5DDA5B-89FB-4C23-A483-334E8A12FCED}.Release|iPhoneSimulator.Build.0 = Release|Any CPU
		{6E5DDA5B-89FB-4C23-A483-334E8A12FCED}.Release|iPhoneSimulator.Deploy.0 = Release|Any CPU
	EndGlobalSection
	GlobalSection(SolutionProperties) = preSolution
		HideSolutionNode = FALSE
	EndGlobalSection
	GlobalSection(ExtensibilityGlobals) = postSolution
		SolutionGuid = {2C9F7D8D-A0F8-493D-989E-61A6D032D79D}
	EndGlobalSection
EndGlobal
